# This file is autogenerated and supposed to be committed to the git repository.
# Changing this file is not recommended and will likely break the build.
# Run `./gradlew --write-locks` to regenerate.
_libgcc_mutex=0.1=conda_forge @ linux-64
_openmp_mutex=4.5=2_gnu @ linux-64
ca-certificates=2023.01.10=h06a4308_0 @ linux-64
certifi=2022.12.7=py38h06a4308_0 @ linux-64
decorator=5.1.1=pyhd3eb1b0_0 @ noarch
freezegun=1.1.0=pyhd3eb1b0_0 @ noarch
future=0.18.3=py38h06a4308_0 @ linux-64
ld_impl_linux-64=2.38=h1181459_1 @ linux-64
libffi=3.4.2=h6a678d5_6 @ linux-64
libgcc-ng=12.1.0=h8d9b700_17 @ linux-64
libgomp=12.1.0=h8d9b700_17 @ linux-64
libstdcxx-ng=12.1.0=ha89aaad_17 @ linux-64
ncurses=6.4=h6a678d5_0 @ linux-64
openssl=1.1.1t=h7f8727e_0 @ linux-64
palantir-spark-time=3.23.0=py_0 @ noarch
parsimonious=0.8.1=py_0 @ noarch
pip=23.0.1=py38h06a4308_0 @ linux-64
py4j=0.10.9.7=pyhd8ed1ab_0 @ noarch
pyspark-src=3.2.1.44=py_0 @ noarch
pyspark=3.2.1.44=py_0 @ noarch
python-dateutil=2.8.2=pyhd3eb1b0_0 @ noarch
python=3.8.16=h7a1cb2a_3 @ linux-64
pytz=2022.7=py38h06a4308_0 @ linux-64
readline=8.2=h5eee18b_0 @ linux-64
setuptools=65.6.3=py38h06a4308_0 @ linux-64
six=1.16.0=pyhd3eb1b0_1 @ noarch
sqlite=3.41.2=h5eee18b_0 @ linux-64
tk=8.6.12=h1ccaba5_0 @ linux-64
transforms-expectations=0.198.0=py_0 @ noarch
transforms-verbs=0.198.0=py_0 @ noarch
transforms=1.731.0=py_0 @ noarch
wheel=0.38.4=py38h06a4308_0 @ linux-64
xz=5.2.10=h5eee18b_1 @ linux-64
zlib=1.2.13=h5eee18b_0 @ linux-64

[Conda lock version]
v2 - 9e63ccccc7b476ebd60e58afc3f8d5cdea5df32f79837875569f900fad98f52e
